{
  "name": "adisaactechacademy",
  "version": "1.0.0",
  "lockfileVersion": 3,
  "requires": true,
  "packages": {
    "": {
      "name": "adisaactechacademy",
      "version": "1.0.0",
      "license": "ISC",
      "dependencies": {
        "@supabase/supabase-js": "^2.105.4",
        "resend": "^4.8.0"
      }
    },
    "node_modules/@react-email/render": {
      "version": "1.1.2",
      "license": "MIT",
      "dependencies": {
        "html-to-text": "^9.0.5",
        "prettier": "^3.5.3",
        "react-promise-suspense": "^0.3.4"
      },
      "engines": {
        "node": ">=18.0.0"
      },
      "peerDependencies": {
        "react": "^18.0 || ^19.0 || ^19.0.0-rc",
        "react-dom": "^18.0 || ^19.0 || ^19.0.0-rc"
      }
    },
    "node_modules/@selderee/plugin-htmlparser2": {
      "version": "0.11.0",
      "license": "MIT",
      "dependencies": {
        "domhandler": "^5.0.3",
        "selderee": "^0.11.0"
      },
      "funding": {
        "url": "https://ko-fi.com/killymxi"
      }
    },
    "node_modules/@supabase/auth-js": {
      "version": "2.105.4",
      "resolved": "https://registry.npmjs.org/@supabase/auth-js/-/auth-js-2.105.4.tgz",
      "integrity": "sha512-Ejfa37M5xoIwoxVebxRahnwubPo8g22qkXQ4p50+N9MIvU9UZoN+A8dwVPtczzGf8oV/YXN80ZPxK4aWXuSN/A==",
      "license": "MIT",
      "dependencies": {
        "tslib": "2.8.1"
      },
      "engines": {
        "node": ">=20.0.0"
      }
    },
    "node_modules/@supabase/functions-js": {
      "version": "2.105.4",
      "resolved": "https://registry.npmjs.org/@supabase/functions-js/-/functions-js-2.105.4.tgz",
      "integrity": "sha512-JVNKbBft3Qkja+WlGaE026AJ2AH9K0UTsxsfvEIHgd4zFrBor4BYRCrYFrv9IDsvVqkF72wKDsODJl5GY/C4tA==",
      "license": "MIT",
      "dependencies": {
        "tslib": "2.8.1"
      },
      "engines": {
        "node": ">=20.0.0"
      }
    },
    "node_modules/@supabase/phoenix": {
      "version": "0.4.2",
      "resolved": "https://registry.npmjs.org/@supabase/phoenix/-/phoenix-0.4.2.tgz",
      "integrity": "sha512-YSAGnmDAfuleFCVt3CeurQZAhxRfXWeZIIkwp7NhYzQ1UwW6ePSnzsFAiUm/mbCkfoCf70QQHKW/K6RKh52a4A==",
      "license": "MIT"
    },
    "node_modules/@supabase/postgrest-js": {
      "version": "2.105.4",
      "resolved": "https://registry.npmjs.org/@supabase/postgrest-js/-/postgrest-js-2.105.4.tgz",
      "integrity": "sha512-SppIyLo/kTwIlz1qpv2HN1EQqBg0GVktrDDFsXygYROha3MgVn4rT7p5EjFHFqXQm2rdRGb/BI7bc+jr10m91w==",
      "license": "MIT",
      "dependencies": {
        "tslib": "2.8.1"
      },
      "engines": {
        "node": ">=20.0.0"
      }
    },
    "node_modules/@supabase/realtime-js": {
      "version": "2.105.4",
      "resolved": "https://registry.npmjs.org/@supabase/realtime-js/-/realtime-js-2.105.4.tgz",
      "integrity": "sha512-6ov6c59+8D9h7q4M4Gy/uDJlC0Akxl9/714Y+6vJ+Sijuc16TS/p5DwhfRCLNcIhNiej1gEt+CQUwsjiPt4PxQ==",
      "license": "MIT",
      "dependencies": {
        "@supabase/phoenix": "^0.4.2",
        "tslib": "2.8.1"
      },
      "engines": {
        "node": ">=20.0.0"
      }
    },
    "node_modules/@supabase/storage-js": {
      "version": "2.105.4",
      "resolved": "https://registry.npmjs.org/@supabase/storage-js/-/storage-js-2.105.4.tgz",
      "integrity": "sha512-Jx+pzMP1Whjof2PWHoVBUA75/p7PQE9CqKBzn1oXVyJDOggMLSH2OzVWwsXYaxEpdC1K/KltwmOX44nL3LHl9g==",
      "license": "MIT",
      "dependencies": {
        "iceberg-js": "^0.8.1",
        "tslib": "2.8.1"
      },
      "engines": {
        "node": ">=20.0.0"
      }
    },
    "node_modules/@supabase/supabase-js": {
      "version": "2.105.4",
      "resolved": "https://registry.npmjs.org/@supabase/supabase-js/-/supabase-js-2.105.4.tgz",
      "integrity": "sha512-cEnx+k49knU+qdIP7rXwR6fqEXPHZs+74xFK1R0S8MgQ7v9tbePVdGxvO03n3bPympMdJWVLadARBfU4TgNHCQ==",
      "license": "MIT",
      "dependencies": {
        "@supabase/auth-js": "2.105.4",
        "@supabase/functions-js": "2.105.4",
        "@supabase/postgrest-js": "2.105.4",
        "@supabase/realtime-js": "2.105.4",
        "@supabase/storage-js": "2.105.4"
      },
      "engines": {
        "node": ">=20.0.0"
      }
    },
    "node_modules/deepmerge": {
      "version": "4.3.1",
      "license": "MIT",
      "engines": {
        "node": ">=0.10.0"
      }
    },
    "node_modules/dom-serializer": {
      "version": "2.0.0",
      "license": "MIT",
      "dependencies": {
        "domelementtype": "^2.3.0",
        "domhandler": "^5.0.2",
        "entities": "^4.2.0"
      },
      "funding": {
        "url": "https://github.com/cheeriojs/dom-serializer?sponsor=1"
      }
    },
    "node_modules/domelementtype": {
      "version": "2.3.0",
      "funding": [
        {
          "type": "github",
          "url": "https://github.com/sponsors/fb55"
        }
      ],
      "license": "BSD-2-Clause"
    },
    "node_modules/domhandler": {
      "version": "5.0.3",
      "license": "BSD-2-Clause",
      "dependencies": {
        "domelementtype": "^2.3.0"
      },
      "engines": {
        "node": ">= 4"
      },
      "funding": {
        "url": "https://github.com/fb55/domhandler?sponsor=1"
      }
    },
    "node_modules/domutils": {
      "version": "3.2.2",
      "license": "BSD-2-Clause",
      "dependencies": {
        "dom-serializer": "^2.0.0",
        "domelementtype": "^2.3.0",
        "domhandler": "^5.0.3"
      },
      "funding": {
        "url": "https://github.com/fb55/domutils?sponsor=1"
      }
    },
    "node_modules/entities": {
      "version": "4.5.0",
      "license": "BSD-2-Clause",
      "engines": {
        "node": ">=0.12"
      },
      "funding": {
        "url": "https://github.com/fb55/entities?sponsor=1"
      }
    },
    "node_modules/fast-deep-equal": {
      "version": "2.0.1",
      "license": "MIT"
    },
    "node_modules/html-to-text": {
      "version": "9.0.5",
      "license": "MIT",
      "dependencies": {
        "@selderee/plugin-htmlparser2": "^0.11.0",
        "deepmerge": "^4.3.1",
        "dom-serializer": "^2.0.0",
        "htmlparser2": "^8.0.2",
        "selderee": "^0.11.0"
      },
      "engines": {
        "node": ">=14"
      }
    },
    "node_modules/htmlparser2": {
      "version": "8.0.2",
      "funding": [
        "https://github.com/fb55/htmlparser2?sponsor=1",
        {
          "type": "github",
          "url": "https://github.com/sponsors/fb55"
        }
      ],
      "license": "MIT",
      "dependencies": {
        "domelementtype": "^2.3.0",
        "domhandler": "^5.0.3",
        "domutils": "^3.0.1",
        "entities": "^4.4.0"
      }
    },
    "node_modules/iceberg-js": {
      "version": "0.8.1",
      "resolved": "https://registry.npmjs.org/iceberg-js/-/iceberg-js-0.8.1.tgz",
      "integrity": "sha512-1dhVQZXhcHje7798IVM+xoo/1ZdVfzOMIc8/rgVSijRK38EDqOJoGula9N/8ZI5RD8QTxNQtK/Gozpr+qUqRRA==",
      "license": "MIT",
      "engines": {
        "node": ">=20.0.0"
      }
    },
    "node_modules/leac": {
      "version": "0.6.0",
      "license": "MIT",
      "funding": {
        "url": "https://ko-fi.com/killymxi"
      }
    },
    "node_modules/parseley": {
      "version": "0.12.1",
      "license": "MIT",
      "dependencies": {
        "leac": "^0.6.0",
        "peberminta": "^0.9.0"
      },
      "funding": {
        "url": "https://ko-fi.com/killymxi"
      }
    },
    "node_modules/peberminta": {
      "version": "0.9.0",
      "license": "MIT",
      "funding": {
        "url": "https://ko-fi.com/killymxi"
      }
    },
    "node_modules/prettier": {
      "version": "3.8.3",
      "license": "MIT",
      "bin": {
        "prettier": "bin/prettier.cjs"
      },
      "engines": {
        "node": ">=14"
      },
      "funding": {
        "url": "https://github.com/prettier/prettier?sponsor=1"
      }
    },
    "node_modules/react": {
      "version": "19.2.6",
      "license": "MIT",
      "peer": true,
      "engines": {
        "node": ">=0.10.0"
      }
    },
    "node_modules/react-dom": {
      "version": "19.2.6",
      "license": "MIT",
      "peer": true,
      "dependencies": {
        "scheduler": "^0.27.0"
      },
      "peerDependencies": {
        "react": "^19.2.6"
      }
    },
    "node_modules/react-promise-suspense": {
      "version": "0.3.4",
      "license": "MIT",
      "dependencies": {
        "fast-deep-equal": "^2.0.1"
      }
    },
    "node_modules/resend": {
      "version": "4.8.0",
      "resolved": "https://registry.npmjs.org/resend/-/resend-4.8.0.tgz",
      "integrity": "sha512-R8eBOFQDO6dzRTDmaMEdpqrkmgSjPpVXt4nGfWsZdYOet0kqra0xgbvTES6HmCriZEXbmGk3e0DiGIaLFTFSHA==",
      "license": "MIT",
      "dependencies": {
        "@react-email/render": "1.1.2"
      },
      "engines": {
        "node": ">=18"
      }
    },
    "node_modules/scheduler": {
      "version": "0.27.0",
      "license": "MIT",
      "peer": true
    },
    "node_modules/selderee": {
      "version": "0.11.0",
      "license": "MIT",
      "dependencies": {
        "parseley": "^0.12.0"
      },
      "funding": {
        "url": "https://ko-fi.com/killymxi"
      }
    },
    "node_modules/tslib": {
      "version": "2.8.1",
      "resolved": "https://registry.npmjs.org/tslib/-/tslib-2.8.1.tgz",
      "integrity": "sha512-oJFu94HQb+KVduSUQL7wnpmqnfmLsOA/nAh6b6EH0wCEoK0/mPeXU6c3wKDV83MkOuHPRHtSXKKU99IBazS/2w==",
      "license": "0BSD"
    }
  }
}
